
Microsoft Visual Studio Solution File, Format Version 12.00
# Visual Studio 15
VisualStudioVersion = 15.0.28307.757
MinimumVisualStudioVersion = 10.0.40219.1
Project("{FAE04EC0-301F-11D3-BF4B-00C04F79EFBC}") = "Domini_videos", "Domini_videos\Domini_videos.csproj", "{296AB212-31BB-4499-A33B-FB01EA6121AF}"
EndProject
Global
	GlobalSection(SolutionConfigurationPlatforms) = preSolution
		Debug|Any CPU = Debug|Any CPU
		Release|Any CPU = Release|Any CPU
	EndGlobalSection
	GlobalSection(ProjectConfigurationPlatforms) = postSolution
		{296AB212-31BB-4499-A33B-FB01EA6121AF}.Debug|Any CPU.ActiveCfg = Debug|Any CPU
		{296AB212-31BB-4499-A33B-FB01EA6121AF}.Debug|Any CPU.Build.0 = Debug|Any CPU
		{296AB212-31BB-4499-A33B-FB01EA6121AF}.Release|Any CPU.ActiveCfg = Release|Any CPU
		{296AB212-31BB-4499-A33B-FB01EA6121AF}.Release|Any CPU.Build.0 = Release|Any CPU
	EndGlobalSection
	GlobalSection(SolutionProperties) = preSolution
		HideSolutionNode = FALSE
	EndGlobalSection
	GlobalSection(ExtensibilityGlobals) = postSolution
		SolutionGuid = {6B41BB7B-AC17-4258-AA58-8A0B7C33CF03}
	EndGlobalSection
EndGlobal
